
Microsoft Visual Studio Solution File, Format Version 12.00
# Visual Studio 14
VisualStudioVersion = 14.0.24720.0
MinimumVisualStudioVersion = 10.0.40219.1
Project("{FAE04EC0-301F-11D3-BF4B-00C04F79EFBC}") = "AcmeCompany.FizzBuzzinator.Tests", "AcmeCompany.FizzBuzzinator.Tests\AcmeCompany.FizzBuzzinator.Tests.csproj", "{44FC763B-F410-4EB6-A513-5C8D9B187343}"
EndProject
Project("{FAE04EC0-301F-11D3-BF4B-00C04F79EFBC}") = "AcmeCompany.FizzBuzzinator", "AcmeCompany.FizzBuzzinator\AcmeCompany.FizzBuzzinator.csproj", "{72445776-5381-4280-8517-B7AF72BF3CBF}"
EndProject
Project("{FAE04EC0-301F-11D3-BF4B-00C04F79EFBC}") = "AcmeCompany.FizzBuzzinator.Console", "AcmeCompany.FizzBuzzinator.Console\AcmeCompany.FizzBuzzinator.Console.csproj", "{9DCB7034-1A2C-4D5E-A43F-6335188CF3CD}"
EndProject
Global
	GlobalSection(SolutionConfigurationPlatforms) = preSolution
		Debug|Any CPU = Debug|Any CPU
		Release|Any CPU = Release|Any CPU
	EndGlobalSection
	GlobalSection(ProjectConfigurationPlatforms) = postSolution
		{44FC763B-F410-4EB6-A513-5C8D9B187343}.Debug|Any CPU.ActiveCfg = Debug|Any CPU
		{44FC763B-F410-4EB6-A513-5C8D9B187343}.Debug|Any CPU.Build.0 = Debug|Any CPU
		{44FC763B-F410-4EB6-A513-5C8D9B187343}.Release|Any CPU.ActiveCfg = Release|Any CPU
		{44FC763B-F410-4EB6-A513-5C8D9B187343}.Release|Any CPU.Build.0 = Release|Any CPU
		{72445776-5381-4280-8517-B7AF72BF3CBF}.Debug|Any CPU.ActiveCfg = Debug|Any CPU
		{72445776-5381-4280-8517-B7AF72BF3CBF}.Debug|Any CPU.Build.0 = Debug|Any CPU
		{72445776-5381-4280-8517-B7AF72BF3CBF}.Release|Any CPU.ActiveCfg = Release|Any CPU
		{72445776-5381-4280-8517-B7AF72BF3CBF}.Release|Any CPU.Build.0 = Release|Any CPU
		{9DCB7034-1A2C-4D5E-A43F-6335188CF3CD}.Debug|Any CPU.ActiveCfg = Debug|Any CPU
		{9DCB7034-1A2C-4D5E-A43F-6335188CF3CD}.Debug|Any CPU.Build.0 = Debug|Any CPU
		{9DCB7034-1A2C-4D5E-A43F-6335188CF3CD}.Release|Any CPU.ActiveCfg = Release|Any CPU
		{9DCB7034-1A2C-4D5E-A43F-6335188CF3CD}.Release|Any CPU.Build.0 = Release|Any CPU
	EndGlobalSection
	GlobalSection(SolutionProperties) = preSolution
		HideSolutionNode = FALSE
	EndGlobalSection
EndGlobal
